// !$*UTF8*$!
{
	archiveVersion = 1;
	classes = {
	};
	objectVersion = 50;
	objects = {

/* Begin PBXBuildFile section */
		F33138DA20A7D5A3007AE2EB /* AppDelegate.swift in Sources */ = {isa = PBXBuildFile; fileRef = F33138D920A7D5A3007AE2EB /* AppDelegate.swift */; };
		F33138DC20A7D5A3007AE2EB /* LoginViewController.swift in Sources */ = {isa = PBXBuildFile; fileRef = F33138DB20A7D5A3007AE2EB /* LoginViewController.swift */; };
		F33138DF20A7D5A3007AE2EB /* Main.storyboard in Resources */ = {isa = PBXBuildFile; fileRef = F33138DD20A7D5A3007AE2EB /* Main.storyboard */; };
		F33138E120A7D5A7007AE2EB /* Assets.xcassets in Resources */ = {isa = PBXBuildFile; fileRef = F33138E020A7D5A7007AE2EB /* Assets.xcassets */; };
		F33138E420A7D5A7007AE2EB /* LaunchScreen.storyboard in Resources */ = {isa = PBXBuildFile; fileRef = F33138E220A7D5A7007AE2EB /* LaunchScreen.storyboard */; };
		F33138EF20A7DF7E007AE2EB /* Constants.swift in Sources */ = {isa = PBXBuildFile; fileRef = F33138EE20A7DF7E007AE2EB /* Constants.swift */; };
		F33138F120A8935D007AE2EB /* User.swift in Sources */ = {isa = PBXBuildFile; fileRef = F33138F020A8935D007AE2EB /* User.swift */; };
		F33138F320A8CFFA007AE2EB /* HomeViewController.swift in Sources */ = {isa = PBXBuildFile; fileRef = F33138F220A8CFFA007AE2EB /* HomeViewController.swift */; };
/* End PBXBuildFile section */

/* Begin PBXFileReference section */
		F33138D620A7D5A3007AE2EB /* Awaaz.app */ = {isa = PBXFileReference; explicitFileType = wrapper.application; includeInIndex = 0; path = Awaaz.app; sourceTree = BUILT_PRODUCTS_DIR; };
		F33138D920A7D5A3007AE2EB /* AppDelegate.swift */ = {isa = PBXFileReference; lastKnownFileType = sourcecode.swift; path = AppDelegate.swift; sourceTree = "<group>"; };
		F33138DB20A7D5A3007AE2EB /* LoginViewController.swift */ = {isa = PBXFileReference; lastKnownFileType = sourcecode.swift; path = LoginViewController.swift; sourceTree = "<group>"; };
		F33138DE20A7D5A3007AE2EB /* Base */ = {isa = PBXFileReference; lastKnownFileType = file.storyboard; name = Base; path = Base.lproj/Main.storyboard; sourceTree = "<group>"; };
		F33138E020A7D5A7007AE2EB /* Assets.xcassets */ = {isa = PBXFileReference; lastKnownFileType = folder.assetcatalog; path = Assets.xcassets; sourceTree = "<group>"; };
		F33138E320A7D5A7007AE2EB /* Base */ = {isa = PBXFileReference; lastKnownFileType = file.storyboard; name = Base; path = Base.lproj/LaunchScreen.storyboard; sourceTree = "<group>"; };
		F33138E520A7D5A7007AE2EB /* Info.plist */ = {isa = PBXFileReference; lastKnownFileType = text.plist.xml; path = Info.plist; sourceTree = "<group>"; };
		F33138EE20A7DF7E007AE2EB /* Constants.swift */ = {isa = PBXFileReference; lastKnownFileType = sourcecode.swift; path = Constants.swift; sourceTree = "<group>"; };
		F33138F020A8935D007AE2EB /* User.swift */ = {isa = PBXFileReference; lastKnownFileType = sourcecode.swift; path = User.swift; sourceTree = "<group>"; };
		F33138F220A8CFFA007AE2EB /* HomeViewController.swift */ = {isa = PBXFileReference; lastKnownFileType = sourcecode.swift; path = HomeViewController.swift; sourceTree = "<group>"; };
/* End PBXFileReference section */

/* Begin PBXFrameworksBuildPhase section */
		F33138D320A7D5A3007AE2EB /* Frameworks */ = {
			isa = PBXFrameworksBuildPhase;
			buildActionMask = 2147483647;
			files = (
			);
			runOnlyForDeploymentPostprocessing = 0;
		};
/* End PBXFrameworksBuildPhase section */

/* Begin PBXGroup section */
		F33138CD20A7D5A3007AE2EB = {
			isa = PBXGroup;
			children = (
				F33138D820A7D5A3007AE2EB /* Awaaz */,
				F33138D720A7D5A3007AE2EB /* Products */,
			);
			sourceTree = "<group>";
		};
		F33138D720A7D5A3007AE2EB /* Products */ = {
			isa = PBXGroup;
			children = (
				F33138D620A7D5A3007AE2EB /* Awaaz.app */,
			);
			name = Products;
			sourceTree = "<group>";
		};
		F33138D820A7D5A3007AE2EB /* Awaaz */ = {
			isa = PBXGroup;
			children = (
				F33138ED20A7DF67007AE2EB /* Shared */,
				F33138EC20A7DF5A007AE2EB /* Controllers */,
				F33138EB20A7DF4C007AE2EB /* Models */,
				F33138D920A7D5A3007AE2EB /* AppDelegate.swift */,
				F33138DD20A7D5A3007AE2EB /* Main.storyboard */,
				F33138E020A7D5A7007AE2EB /* Assets.xcassets */,
				F33138E220A7D5A7007AE2EB /* LaunchScreen.storyboard */,
				F33138E520A7D5A7007AE2EB /* Info.plist */,
			);
			path = Awaaz;
			sourceTree = "<group>";
		};
		F33138EB20A7DF4C007AE2EB /* Models */ = {
			isa = PBXGroup;
			children = (
				F33138F020A8935D007AE2EB /* User.swift */,
			);
			path = Models;
			sourceTree = "<group>";
		};
		F33138EC20A7DF5A007AE2EB /* Controllers */ = {
			isa = PBXGroup;
			children = (
				F33138DB20A7D5A3007AE2EB /* LoginViewController.swift */,
				F33138F220A8CFFA007AE2EB /* HomeViewController.swift */,
			);
			path = Controllers;
			sourceTree = "<group>";
		};
		F33138ED20A7DF67007AE2EB /* Shared */ = {
			isa = PBXGroup;
			children = (
				F33138EE20A7DF7E007AE2EB /* Constants.swift */,
			);
			path = Shared;
			sourceTree = "<group>";
		};
/* End PBXGroup section */

/* Begin PBXNativeTarget section */
		F33138D520A7D5A3007AE2EB /* Awaaz */ = {
			isa = PBXNativeTarget;
			buildConfigurationList = F33138E820A7D5A7007AE2EB /* Build configuration list for PBXNativeTarget "Awaaz" */;
			buildPhases = (
				F33138D220A7D5A3007AE2EB /* Sources */,
				F33138D320A7D5A3007AE2EB /* Frameworks */,
				F33138D420A7D5A3007AE2EB /* Resources */,
			);
			buildRules = (
			);
			dependencies = (
			);
			name = Awaaz;
			productName = Awaaz;
			productReference = F33138D620A7D5A3007AE2EB /* Awaaz.app */;
			productType = "com.apple.product-type.application";
		};
/* End PBXNativeTarget section */

/* Begin PBXProject section */
		F33138CE20A7D5A3007AE2EB /* Project object */ = {
			isa = PBXProject;
			attributes = {
				LastSwiftUpdateCheck = 0930;
				LastUpgradeCheck = 0930;
				ORGANIZATIONNAME = "Sunzala Technology";
				TargetAttributes = {
					F33138D520A7D5A3007AE2EB = {
						CreatedOnToolsVersion = 9.3.1;
					};
				};
			};
			buildConfigurationList = F33138D120A7D5A3007AE2EB /* Build configuration list for PBXProject "Awaaz" */;
			compatibilityVersion = "Xcode 9.3";
			developmentRegion = en;
			hasScannedForEncodings = 0;
			knownRegions = (
				en,
				Base,
			);
			mainGroup = F33138CD20A7D5A3007AE2EB;
			productRefGroup = F33138D720A7D5A3007AE2EB /* Products */;
			projectDirPath = "";
			projectRoot = "";
			targets = (
				F33138D520A7D5A3007AE2EB /* Awaaz */,
			);
		};
/* End PBXProject section */

/* Begin PBXResourcesBuildPhase section */
		F33138D420A7D5A3007AE2EB /* Resources */ = {
			isa = PBXResourcesBuildPhase;
			buildActionMask = 2147483647;
			files = (
				F33138E420A7D5A7007AE2EB /* LaunchScreen.storyboard in Resources */,
				F33138E120A7D5A7007AE2EB /* Assets.xcassets in Resources */,
				F33138DF20A7D5A3007AE2EB /* Main.storyboard in Resources */,
			);
			runOnlyForDeploymentPostprocessing = 0;
		};
/* End PBXResourcesBuildPhase section */

/* Begin PBXSourcesBuildPhase section */
		F33138D220A7D5A3007AE2EB /* Sources */ = {
			isa = PBXSourcesBuildPhase;
			buildActionMask = 2147483647;
			files = (
				F33138F320A8CFFA007AE2EB /* HomeViewController.swift in Sources */,
				F33138F120A8935D007AE2EB /* User.swift in Sources */,
				F33138DC20A7D5A3007AE2EB /* LoginViewController.swift in Sources */,
				F33138DA20A7D5A3007AE2EB /* AppDelegate.swift in Sources */,
				F33138EF20A7DF7E007AE2EB /* Constants.swift in Sources */,
			);
			runOnlyForDeploymentPostprocessing = 0;
		};
/* End PBXSourcesBuildPhase section */

/* Begin PBXVariantGroup section */
		F33138DD20A7D5A3007AE2EB /* Main.storyboard */ = {
			isa = PBXVariantGroup;
			children = (
				F33138DE20A7D5A3007AE2EB /* Base */,
			);
			name = Main.storyboard;
			sourceTree = "<group>";
		};
		F33138E220A7D5A7007AE2EB /* LaunchScreen.storyboard */ = {
			isa = PBXVariantGroup;
			children = (
				F33138E320A7D5A7007AE2EB /* Base */,
			);
			name = LaunchScreen.storyboard;
			sourceTree = "<group>";
		};
/* End PBXVariantGroup section */

/* Begin XCBuildConfiguration section */
		F33138E620A7D5A7007AE2EB /* Debug */ = {
			isa = XCBuildConfiguration;
			buildSettings = {
				ALWAYS_SEARCH_USER_PATHS = NO;
				CLANG_ANALYZER_NONNULL = YES;
				CLANG_ANALYZER_NUMBER_OBJECT_CONVERSION = YES_AGGRESSIVE;
				CLANG_CXX_LANGUAGE_STANDARD = "gnu++14";
				CLANG_CXX_LIBRARY = "libc++";
				CLANG_ENABLE_MODULES = YES;
				CLANG_ENABLE_OBJC_ARC = YES;
				CLANG_ENABLE_OBJC_WEAK = YES;
				CLANG_WARN_BLOCK_CAPTURE_AUTORELEASING = YES;
				CLANG_WARN_BOOL_CONVERSION = YES;
				CLANG_WARN_COMMA = YES;
				CLANG_WARN_CONSTANT_CONVERSION = YES;
				CLANG_WARN_DEPRECATED_OBJC_IMPLEMENTATIONS = YES;
				CLANG_WARN_DIRECT_OBJC_ISA_USAGE = YES_ERROR;
				CLANG_WARN_DOCUMENTATION_COMMENTS = YES;
				CLANG_WARN_EMPTY_BODY = YES;
				CLANG_WARN_ENUM_CONVERSION = YES;
				CLANG_WARN_INFINITE_RECURSION = YES;
				CLANG_WARN_INT_CONVERSION = YES;
				CLANG_WARN_NON_LITERAL_NULL_CONVERSION = YES;
				CLANG_WARN_OBJC_IMPLICIT_RETAIN_SELF = YES;
				CLANG_WARN_OBJC_LITERAL_CONVERSION = YES;
				CLANG_WARN_OBJC_ROOT_CLASS = YES_ERROR;
				CLANG_WARN_RANGE_LOOP_ANALYSIS = YES;
				CLANG_WARN_STRICT_PROTOTYPES = YES;
				CLANG_WARN_SUSPICIOUS_MOVE = YES;
				CLANG_WARN_UNGUARDED_AVAILABILITY = YES_AGGRESSIVE;
				CLANG_WARN_UNREACHABLE_CODE = YES;
				CLANG_WARN__DUPLICATE_METHOD_MATCH = YES;
				CODE_SIGN_IDENTITY = "iPhone Developer";
				COPY_PHASE_STRIP = NO;
				DEBUG_INFORMATION_FORMAT = dwarf;
				ENABLE_STRICT_OBJC_MSGSEND = YES;
				ENABLE_TESTABILITY = YES;
				GCC_C_LANGUAGE_STANDARD = gnu11;
				GCC_DYNAMIC_NO_PIC = NO;
				GCC_NO_COMMON_BLOCKS = YES;
				GCC_OPTIMIZATION_LEVEL = 0;
				GCC_PREPROCESSOR_DEFINITIONS = (
					"DEBUG=1",
					"$(inherited)",
				);
				GCC_WARN_64_TO_32_BIT_CONVERSION = YES;
				GCC_WARN_ABOUT_RETURN_TYPE = YES_ERROR;
				GCC_WARN_UNDECLARED_SELECTOR = YES;
				GCC_WARN_UNINITIALIZED_AUTOS = YES_AGGRESSIVE;
				GCC_WARN_UNUSED_FUNCTION = YES;
				GCC_WARN_UNUSED_VARIABLE = YES;
				IPHONEOS_DEPLOYMENT_TARGET = 11.3;
				MTL_ENABLE_DEBUG_INFO = YES;
				ONLY_ACTIVE_ARCH = YES;
				SDKROOT = iphoneos;
				SWIFT_ACTIVE_COMPILATION_CONDITIONS = DEBUG;
				SWIFT_OPTIMIZATION_LEVEL = "-Onone";
			};
			name = Debug;
		};
		F33138E720A7D5A7007AE2EB /* Release */ = {
			isa = XCBuildConfiguration;
			buildSettings = {
				ALWAYS_SEARCH_USER_PATHS = NO;
				CLANG_ANALYZER_NONNULL = YES;
				CLANG_ANALYZER_NUMBER_OBJECT_CONVERSION = YES_AGGRESSIVE;
				CLANG_CXX_LANGUAGE_STANDARD = "gnu++14";
				CLANG_CXX_LIBRARY = "libc++";
				CLANG_ENABLE_MODULES = YES;
				CLANG_ENABLE_OBJC_ARC = YES;
				CLANG_ENABLE_OBJC_WEAK = YES;
				CLANG_WARN_BLOCK_CAPTURE_AUTORELEASING = YES;
				CLANG_WARN_BOOL_CONVERSION = YES;
				CLANG_WARN_COMMA = YES;
				CLANG_WARN_CONSTANT_CONVERSION = YES;
				CLANG_WARN_DEPRECATED_OBJC_IMPLEMENTATIONS = YES;
				CLANG_WARN_DIRECT_OBJC_ISA_USAGE = YES_ERROR;
				CLANG_WARN_DOCUMENTATION_COMMENTS = YES;
				CLANG_WARN_EMPTY_BODY = YES;
				CLANG_WARN_ENUM_CONVERSION = YES;
				CLANG_WARN_INFINITE_RECURSION = YES;
				CLANG_WARN_INT_CONVERSION = YES;
				CLANG_WARN_NON_LITERAL_NULL_CONVERSION = YES;
				CLANG_WARN_OBJC_IMPLICIT_RETAIN_SELF = YES;
				CLANG_WARN_OBJC_LITERAL_CONVERSION = YES;
				CLANG_WARN_OBJC_ROOT_CLASS = YES_ERROR;
				CLANG_WARN_RANGE_LOOP_ANALYSIS = YES;
				CLANG_WARN_STRICT_PROTOTYPES = YES;
				CLANG_WARN_SUSPICIOUS_MOVE = YES;
				CLANG_WARN_UNGUARDED_AVAILABILITY = YES_AGGRESSIVE;
				CLANG_WARN_UNREACHABLE_CODE = YES;
				CLANG_WARN__DUPLICATE_METHOD_MATCH = YES;
				CODE_SIGN_IDENTITY = "iPhone Developer";
				COPY_PHASE_STRIP = NO;
				DEBUG_INFORMATION_FORMAT = "dwarf-with-dsym";
				ENABLE_NS_ASSERTIONS = NO;
				ENABLE_STRICT_OBJC_MSGSEND = YES;
				GCC_C_LANGUAGE_STANDARD = gnu11;
				GCC_NO_COMMON_BLOCKS = YES;
				GCC_WARN_64_TO_32_BIT_CONVERSION = YES;
				GCC_WARN_ABOUT_RETURN_TYPE = YES_ERROR;
				GCC_WARN_UNDECLARED_SELECTOR = YES;
				GCC_WARN_UNINITIALIZED_AUTOS = YES_AGGRESSIVE;
				GCC_WARN_UNUSED_FUNCTION = YES;
				GCC_WARN_UNUSED_VARIABLE = YES;
				IPHONEOS_DEPLOYMENT_TARGET = 11.3;
				MTL_ENABLE_DEBUG_INFO = NO;
				SDKROOT = iphoneos;
				SWIFT_COMPILATION_MODE = wholemodule;
				SWIFT_OPTIMIZATION_LEVEL = "-O";
				VALIDATE_PRODUCT = YES;
			};
			name = Release;
		};
		F33138E920A7D5A7007AE2EB /* Debug */ = {
			isa = XCBuildConfiguration;
			buildSettings = {
				ASSETCATALOG_COMPILER_APPICON_NAME = AppIcon;
				CODE_SIGN_STYLE = Automatic;
				DEVELOPMENT_TEAM = JYENF7CE7V;
				INFOPLIST_FILE = Awaaz/Info.plist;
				LD_RUNPATH_SEARCH_PATHS = (
					"$(inherited)",
					"@executable_path/Frameworks",
				);
				PRODUCT_BUNDLE_IDENTIFIER = com.sunzala.Awaaz;
				PRODUCT_NAME = "$(TARGET_NAME)";
				SWIFT_VERSION = 4.0;
				TARGETED_DEVICE_FAMILY = "1,2";
			};
			name = Debug;
		};
		F33138EA20A7D5A7007AE2EB /* Release */ = {
			isa = XCBuildConfiguration;
			buildSettings = {
				ASSETCATALOG_COMPILER_APPICON_NAME = AppIcon;
				CODE_SIGN_STYLE = Automatic;
				DEVELOPMENT_TEAM = JYENF7CE7V;
				INFOPLIST_FILE = Awaaz/Info.plist;
				LD_RUNPATH_SEARCH_PATHS = (
					"$(inherited)",
					"@executable_path/Frameworks",
				);
				PRODUCT_BUNDLE_IDENTIFIER = com.sunzala.Awaaz;
				PRODUCT_NAME = "$(TARGET_NAME)";
				SWIFT_VERSION = 4.0;
				TARGETED_DEVICE_FAMILY = "1,2";
			};
			name = Release;
		};
/* End XCBuildConfiguration section */

/* Begin XCConfigurationList section */
		F33138D120A7D5A3007AE2EB /* Build configuration list for PBXProject "Awaaz" */ = {
			isa = XCConfigurationList;
			buildConfigurations = (
				F33138E620A7D5A7007AE2EB /* Debug */,
				F33138E720A7D5A7007AE2EB /* Release */,
			);
			defaultConfigurationIsVisible = 0;
			defaultConfigurationName = Release;
		};
		F33138E820A7D5A7007AE2EB /* Build configuration list for PBXNativeTarget "Awaaz" */ = {
			isa = XCConfigurationList;
			buildConfigurations = (
				F33138E920A7D5A7007AE2EB /* Debug */,
				F33138EA20A7D5A7007AE2EB /* Release */,
			);
			defaultConfigurationIsVisible = 0;
			defaultConfigurationName = Release;
		};
/* End XCConfigurationList section */
	};
	rootObject = F33138CE20A7D5A3007AE2EB /* Project object */;
}
